<?xml version="1.0" encoding="utf-8"?>
<Project ToolsVersion="17.0" xmlns="http://schemas.microsoft.com/developer/msbuild/2003">
  <ItemGroup>
    <ClCompile Include="D:\class\OpenGLOBJViewer\Project1\src\main.cpp">
      <Filter>Source Files</Filter>
    </ClCompile>
    <ClCompile Include="D:\class\OpenGLOBJViewer\Project1\src\application.cpp">
      <Filter>Source Files</Filter>
    </ClCompile>
    <ClCompile Include="D:\class\OpenGLOBJViewer\Project1\src\application_core.cpp">
      <Filter>Source Files</Filter>
    </ClCompile>
    <ClCompile Include="D:\class\OpenGLOBJViewer\Project1\src\scene_manager.cpp">
      <Filter>Source Files</Filter>
    </ClCompile>
    <ClCompile Include="D:\class\OpenGLOBJViewer\Project1\src\render_system.cpp">
      <Filter>Source Files</Filter>
    </ClCompile>
    <ClCompile Include="D:\class\OpenGLOBJViewer\Project1\src\camera_controller.cpp">
      <Filter>Source Files</Filter>
    </ClCompile>
    <ClCompile Include="D:\class\OpenGLOBJViewer\Project1\src\ui_bridge.cpp">
      <Filter>Source Files</Filter>
    </ClCompile>
    <ClCompile Include="D:\class\OpenGLOBJViewer\Project1\src\imgui_ui_layer.cpp">
      <Filter>Source Files</Filter>
    </ClCompile>
    <ClCompile Include="D:\class\OpenGLOBJViewer\Project1\src\scene_io.cpp">
      <Filter>Source Files</Filter>
    </ClCompile>
    <ClCompile Include="D:\class\OpenGLOBJViewer\Project1\src\render_offscreen.cpp">
      <Filter>Source Files</Filter>
    </ClCompile>
    <ClCompile Include="D:\class\OpenGLOBJViewer\Project1\src\ai_instructions.cpp">
      <Filter>Source Files</Filter>
    </ClCompile>
    <ClCompile Include="D:\class\OpenGLOBJViewer\Project1\src\json_ops_v1.cpp">
      <Filter>Source Files</Filter>
    </ClCompile>
    <ClCompile Include="D:\class\OpenGLOBJViewer\Project1\src\shader.cpp">
      <Filter>Source Files</Filter>
    </ClCompile>
    <ClCompile Include="D:\class\OpenGLOBJViewer\Project1\src\texture.cpp">
      <Filter>Source Files</Filter>
    </ClCompile>
    <ClCompile Include="D:\class\OpenGLOBJViewer\Project1\src\texture_cache.cpp">
      <Filter>Source Files</Filter>
    </ClCompile>
    <ClCompile Include="D:\class\OpenGLOBJViewer\Project1\src\grid.cpp">
      <Filter>Source Files</Filter>
    </ClCompile>
    <ClCompile Include="D:\class\OpenGLOBJViewer\Project1\src\axisrenderer.cpp">
      <Filter>Source Files</Filter>
    </ClCompile>
    <ClCompile Include="D:\class\OpenGLOBJViewer\Project1\src\gizmo.cpp">
      <Filter>Source Files</Filter>
    </ClCompile>
    <ClCompile Include="D:\class\OpenGLOBJViewer\Project1\src\objloader.cpp">
      <Filter>Source Files</Filter>
    </ClCompile>
    <ClCompile Include="D:\class\OpenGLOBJViewer\Project1\src\mesh_loader.cpp">
      <Filter>Source Files</Filter>
    </ClCompile>
    <ClCompile Include="D:\class\OpenGLOBJViewer\Project1\src\importer_registry.cpp">
      <Filter>Source Files</Filter>
    </ClCompile>
    <ClCompile Include="D:\class\OpenGLOBJViewer\Project1\src\importers\obj_importer.cpp">
      <Filter>Source Files</Filter>
    </ClCompile>
    <ClCompile Include="D:\class\OpenGLOBJViewer\Project1\src\importers\assimp_importer.cpp">
      <Filter>Source Files</Filter>
    </ClCompile>
    <ClCompile Include="D:\class\OpenGLOBJViewer\Project1\src\material.cpp">
      <Filter>Source Files</Filter>
    </ClCompile>
    <ClCompile Include="D:\class\OpenGLOBJViewer\Project1\src\light.cpp">
      <Filter>Source Files</Filter>
    </ClCompile>
    <ClCompile Include="D:\class\OpenGLOBJViewer\Project1\src\InputHandler.cpp">
      <Filter>Source Files</Filter>
    </ClCompile>
    <ClCompile Include="D:\class\OpenGLOBJViewer\Project1\src\RayUtils.cpp">
      <Filter>Source Files</Filter>
    </ClCompile>
    <ClCompile Include="D:\class\OpenGLOBJViewer\Project1\src\BVHNode.cpp">
      <Filter>Source Files</Filter>
    </ClCompile>
    <ClCompile Include="D:\class\OpenGLOBJViewer\Project1\src\raytracer.cpp">
      <Filter>Source Files</Filter>
    </ClCompile>
    <ClCompile Include="D:\class\OpenGLOBJViewer\Project1\src\commands.cpp">
      <Filter>Source Files</Filter>
    </ClCompile>
    <ClCompile Include="D:\class\OpenGLOBJViewer\Project1\src\nl_executor.cpp">
      <Filter>Source Files</Filter>
    </ClCompile>
    <ClCompile Include="D:\class\OpenGLOBJViewer\Project1\src\ai_bridge.cpp">
      <Filter>Source Files</Filter>
    </ClCompile>
    <ClCompile Include="D:\class\OpenGLOBJViewer\Project1\src\assimp_loader.cpp">
      <Filter>Source Files</Filter>
    </ClCompile>
    <ClCompile Include="D:\class\OpenGLOBJViewer\Project1\src\userinput.cpp">
      <Filter>Source Files</Filter>
    </ClCompile>
    <ClCompile Include="D:\class\OpenGLOBJViewer\Project1\src\triangle.cpp">
      <Filter>Source Files</Filter>
    </ClCompile>
    <ClCompile Include="D:\class\OpenGLOBJViewer\Project1\Libraries\include\imgui\imgui.cpp">
      <Filter>Source Files</Filter>
    </ClCompile>
    <ClCompile Include="D:\class\OpenGLOBJViewer\Project1\Libraries\include\imgui\imgui_draw.cpp">
      <Filter>Source Files</Filter>
    </ClCompile>
    <ClCompile Include="D:\class\OpenGLOBJViewer\Project1\Libraries\include\imgui\imgui_tables.cpp">
      <Filter>Source Files</Filter>
    </ClCompile>
    <ClCompile Include="D:\class\OpenGLOBJViewer\Project1\Libraries\include\imgui\imgui_widgets.cpp">
      <Filter>Source Files</Filter>
    </ClCompile>
    <ClCompile Include="D:\class\OpenGLOBJViewer\Project1\imgui_impl_glfw.cpp">
      <Filter>Source Files</Filter>
    </ClCompile>
    <ClCompile Include="D:\class\OpenGLOBJViewer\Project1\imgui_impl_opengl3.cpp">
      <Filter>Source Files</Filter>
    </ClCompile>
    <ClCompile Include="D:\class\OpenGLOBJViewer\Project1\src\glad.c">
      <Filter>Source Files</Filter>
    </ClCompile>
    <ClCompile Include="D:\class\OpenGLOBJViewer\Project1\src\gl43_compat.cpp">
      <Filter>Source Files</Filter>
    </ClCompile>
    <ClCompile Include="D:\class\OpenGLOBJViewer\Project1\src\compute_shader.cpp">
      <Filter>Source Files</Filter>
    </ClCompile>
  </ItemGroup>
  <ItemGroup>
    <CustomBuild Include="D:\class\OpenGLOBJViewer\CMakeLists.txt" />
  </ItemGroup>
  <ItemGroup>
    <Filter Include="Source Files">
      <UniqueIdentifier>{D6319D15-8452-3872-90DC-A3BA81F8020C}</UniqueIdentifier>
    </Filter>
  </ItemGroup>
</Project>
