<?xml version="1.0" encoding="utf-8"?>
<Project ToolsVersion="17.0" xmlns="http://schemas.microsoft.com/developer/msbuild/2003">
  <ItemGroup>
    <CustomBuild Include="D:\class\OpenGLOBJViewer\build-temp\CMakeFiles\c0226223adac0d6c7e5841f3e7119547\generate.stamp.rule">
      <Filter>CMake Rules</Filter>
    </CustomBuild>
  </ItemGroup>
  <ItemGroup>
    <Filter Include="CMake Rules">
      <UniqueIdentifier>{1291B49B-BED9-3E49-9CD2-E694A9C76D8A}</UniqueIdentifier>
    </Filter>
  </ItemGroup>
</Project>
